
Microsoft Visual Studio Solution File, Format Version 12.00
# Visual Studio Version 16
VisualStudioVersion = 16.0.31624.102
MinimumVisualStudioVersion = 10.0.40219.1
Project("{FAE04EC0-301F-11D3-BF4B-00C04F79EFBC}") = "ITMO.ExamWork", "ITMO.ExamWork\ITMO.ExamWork.csproj", "{B065FD6D-0F04-4738-840B-CFE83CD85300}"
EndProject
Global
	GlobalSection(SolutionConfigurationPlatforms) = preSolution
		Debug|Any CPU = Debug|Any CPU
		Release|Any CPU = Release|Any CPU
	EndGlobalSection
	GlobalSection(ProjectConfigurationPlatforms) = postSolution
		{B065FD6D-0F04-4738-840B-CFE83CD85300}.Debug|Any CPU.ActiveCfg = Debug|Any CPU
		{B065FD6D-0F04-4738-840B-CFE83CD85300}.Debug|Any CPU.Build.0 = Debug|Any CPU
		{B065FD6D-0F04-4738-840B-CFE83CD85300}.Release|Any CPU.ActiveCfg = Release|Any CPU
		{B065FD6D-0F04-4738-840B-CFE83CD85300}.Release|Any CPU.Build.0 = Release|Any CPU
	EndGlobalSection
	GlobalSection(SolutionProperties) = preSolution
		HideSolutionNode = FALSE
	EndGlobalSection
	GlobalSection(ExtensibilityGlobals) = postSolution
		SolutionGuid = {3059A96F-699D-4E83-9939-0D9771B97382}
	EndGlobalSection
EndGlobal
